
Microsoft Visual Studio Solution File, Format Version 12.00
# Visual Studio Version 17
VisualStudioVersion = 17.7.34003.232
MinimumVisualStudioVersion = 10.0.40219.1
Project("{FAE04EC0-301F-11D3-BF4B-00C04F79EFBC}") = "buildapp", "buildapp\buildapp.csproj", "{EAC2F3BE-77CA-4824-920B-F6DC38FA356C}"
EndProject
Global
	GlobalSection(SolutionConfigurationPlatforms) = preSolution
		Debug|Any CPU = Debug|Any CPU
		Release|Any CPU = Release|Any CPU
	EndGlobalSection
	GlobalSection(ProjectConfigurationPlatforms) = postSolution
		{EAC2F3BE-77CA-4824-920B-F6DC38FA356C}.Debug|Any CPU.ActiveCfg = Debug|Any CPU
		{EAC2F3BE-77CA-4824-920B-F6DC38FA356C}.Debug|Any CPU.Build.0 = Debug|Any CPU
		{EAC2F3BE-77CA-4824-920B-F6DC38FA356C}.Release|Any CPU.ActiveCfg = Release|Any CPU
		{EAC2F3BE-77CA-4824-920B-F6DC38FA356C}.Release|Any CPU.Build.0 = Release|Any CPU
	EndGlobalSection
	GlobalSection(SolutionProperties) = preSolution
		HideSolutionNode = FALSE
	EndGlobalSection
	GlobalSection(ExtensibilityGlobals) = postSolution
		SolutionGuid = {620818E3-2085-4B5A-BE90-A0D7DF6B8BF3}
	EndGlobalSection
EndGlobal
